Microsoft Visual Studio Solution File, Format Version 12.00
# Visual Studio Express 2012 for Windows Desktop
Project("{FAE04EC0-301F-11D3-BF4B-00C04F79EFBC}") = "OnePy45", "OnePy45.csproj", "{7D041161-6B6D-460E-96D3-E7E2263E6232}"
	ProjectSection(ProjectDependencies) = postProject
		{B4015770-EE05-4474-B769-296ADCBA296E} = {B4015770-EE05-4474-B769-296ADCBA296E}
	EndProjectSection
EndProject
Project("{FAE04EC0-301F-11D3-BF4B-00C04F79EFBC}") = "onepy45.Enterprise.AddIn", "Enterprise.AddIn\onepy45.Enterprise.AddIn.csproj", "{B4015770-EE05-4474-B769-296ADCBA296E}"
EndProject
Global
	GlobalSection(SolutionConfigurationPlatforms) = preSolution
		Debug|Any CPU = Debug|Any CPU
		Release|Any CPU = Release|Any CPU
	EndGlobalSection
	GlobalSection(ProjectConfigurationPlatforms) = postSolution
		{7D041161-6B6D-460E-96D3-E7E2263E6232}.Debug|Any CPU.ActiveCfg = Debug|Any CPU
		{7D041161-6B6D-460E-96D3-E7E2263E6232}.Debug|Any CPU.Build.0 = Debug|Any CPU
		{7D041161-6B6D-460E-96D3-E7E2263E6232}.Release|Any CPU.ActiveCfg = Release|Any CPU
		{7D041161-6B6D-460E-96D3-E7E2263E6232}.Release|Any CPU.Build.0 = Release|Any CPU
		{B4015770-EE05-4474-B769-296ADCBA296E}.Debug|Any CPU.ActiveCfg = Debug|Any CPU
		{B4015770-EE05-4474-B769-296ADCBA296E}.Debug|Any CPU.Build.0 = Debug|Any CPU
		{B4015770-EE05-4474-B769-296ADCBA296E}.Release|Any CPU.ActiveCfg = Release|Any CPU
		{B4015770-EE05-4474-B769-296ADCBA296E}.Release|Any CPU.Build.0 = Release|Any CPU
	EndGlobalSection
	GlobalSection(SolutionProperties) = preSolution
		HideSolutionNode = FALSE
	EndGlobalSection
EndGlobal
